
Microsoft Visual Studio Solution File, Format Version 12.00
# Visual Studio Version 17
VisualStudioVersion = 17.9.34723.18
MinimumVisualStudioVersion = 10.0.40219.1
Project("{FAE04EC0-301F-11D3-BF4B-00C04F79EFBC}") = "WindowsFormsApp1", "WindowsFormsApp1.csproj", "{70D03971-B53D-4122-8330-CD3E57BA7625}"
EndProject
Global
	GlobalSection(SolutionConfigurationPlatforms) = preSolution
		Debug|Any CPU = Debug|Any CPU
		Release|Any CPU = Release|Any CPU
	EndGlobalSection
	GlobalSection(ProjectConfigurationPlatforms) = postSolution
		{70D03971-B53D-4122-8330-CD3E57BA7625}.Debug|Any CPU.ActiveCfg = Debug|Any CPU
		{70D03971-B53D-4122-8330-CD3E57BA7625}.Debug|Any CPU.Build.0 = Debug|Any CPU
		{70D03971-B53D-4122-8330-CD3E57BA7625}.Release|Any CPU.ActiveCfg = Release|Any CPU
		{70D03971-B53D-4122-8330-CD3E57BA7625}.Release|Any CPU.Build.0 = Release|Any CPU
	EndGlobalSection
	GlobalSection(SolutionProperties) = preSolution
		HideSolutionNode = FALSE
	EndGlobalSection
	GlobalSection(ExtensibilityGlobals) = postSolution
		SolutionGuid = {9D29230F-FF77-43BB-9419-C75C33C346FC}
	EndGlobalSection
EndGlobal
